
Microsoft Visual Studio Solution File, Format Version 12.00
# Visual Studio Version 17
VisualStudioVersion = 17.4.33213.308
MinimumVisualStudioVersion = 10.0.40219.1
Project("{FAE04EC0-301F-11D3-BF4B-00C04F79EFBC}") = "DocumentTranslator", "DocumentTranslator\DocumentTranslator.csproj", "{7CAD21D4-82EC-41BE-9A37-3CF34D617E67}"
EndProject
Global
	GlobalSection(SolutionConfigurationPlatforms) = preSolution
		Debug|Any CPU = Debug|Any CPU
		Release|Any CPU = Release|Any CPU
	EndGlobalSection
	GlobalSection(ProjectConfigurationPlatforms) = postSolution
		{7CAD21D4-82EC-41BE-9A37-3CF34D617E67}.Debug|Any CPU.ActiveCfg = Debug|Any CPU
		{7CAD21D4-82EC-41BE-9A37-3CF34D617E67}.Debug|Any CPU.Build.0 = Debug|Any CPU
		{7CAD21D4-82EC-41BE-9A37-3CF34D617E67}.Release|Any CPU.ActiveCfg = Release|Any CPU
		{7CAD21D4-82EC-41BE-9A37-3CF34D617E67}.Release|Any CPU.Build.0 = Release|Any CPU
	EndGlobalSection
	GlobalSection(SolutionProperties) = preSolution
		HideSolutionNode = FALSE
	EndGlobalSection
	GlobalSection(ExtensibilityGlobals) = postSolution
		SolutionGuid = {D14F4498-8FFE-4EA4-9B24-35F40219E784}
	EndGlobalSection
EndGlobal
